
Microsoft Visual Studio Solution File, Format Version 12.00
# Visual Studio Version 16
VisualStudioVersion = 16.0.30406.217
MinimumVisualStudioVersion = 10.0.40219.1
Project("{FAE04EC0-301F-11D3-BF4B-00C04F79EFBC}") = "HouseOfCards", "HouseOfCards\HouseOfCards.csproj", "{47BA5293-5516-43D0-9177-B4956CD1CDAC}"
EndProject
Global
	GlobalSection(SolutionConfigurationPlatforms) = preSolution
		Debug|Any CPU = Debug|Any CPU
		Release|Any CPU = Release|Any CPU
	EndGlobalSection
	GlobalSection(ProjectConfigurationPlatforms) = postSolution
		{47BA5293-5516-43D0-9177-B4956CD1CDAC}.Debug|Any CPU.ActiveCfg = Debug|Any CPU
		{47BA5293-5516-43D0-9177-B4956CD1CDAC}.Debug|Any CPU.Build.0 = Debug|Any CPU
		{47BA5293-5516-43D0-9177-B4956CD1CDAC}.Release|Any CPU.ActiveCfg = Release|Any CPU
		{47BA5293-5516-43D0-9177-B4956CD1CDAC}.Release|Any CPU.Build.0 = Release|Any CPU
	EndGlobalSection
	GlobalSection(SolutionProperties) = preSolution
		HideSolutionNode = FALSE
	EndGlobalSection
	GlobalSection(ExtensibilityGlobals) = postSolution
		SolutionGuid = {3B178F8D-4E2A-4215-8232-31B6BE5EE508}
	EndGlobalSection
EndGlobal
